
Microsoft Visual Studio Solution File, Format Version 12.00
# Visual Studio Version 16
VisualStudioVersion = 16.0.33423.256
MinimumVisualStudioVersion = 10.0.40219.1
Project("{FAE04EC0-301F-11D3-BF4B-00C04F79EFBC}") = "CNPJ", "CNPJ\CNPJ.csproj", "{D493411B-641B-4E7A-9FA0-E1F47FAF0808}"
EndProject
Global
	GlobalSection(SolutionConfigurationPlatforms) = preSolution
		Debug|Any CPU = Debug|Any CPU
		Release|Any CPU = Release|Any CPU
	EndGlobalSection
	GlobalSection(ProjectConfigurationPlatforms) = postSolution
		{D493411B-641B-4E7A-9FA0-E1F47FAF0808}.Debug|Any CPU.ActiveCfg = Debug|Any CPU
		{D493411B-641B-4E7A-9FA0-E1F47FAF0808}.Debug|Any CPU.Build.0 = Debug|Any CPU
		{D493411B-641B-4E7A-9FA0-E1F47FAF0808}.Release|Any CPU.ActiveCfg = Release|Any CPU
		{D493411B-641B-4E7A-9FA0-E1F47FAF0808}.Release|Any CPU.Build.0 = Release|Any CPU
	EndGlobalSection
	GlobalSection(SolutionProperties) = preSolution
		HideSolutionNode = FALSE
	EndGlobalSection
	GlobalSection(ExtensibilityGlobals) = postSolution
		SolutionGuid = {F4C96366-7F2F-4D5A-BE5C-E23E5BD6281D}
	EndGlobalSection
EndGlobal
